
Microsoft Visual Studio Solution File, Format Version 12.00
# Visual Studio Version 17
VisualStudioVersion = 17.1.32328.378
MinimumVisualStudioVersion = 10.0.40219.1
Project("{FAE04EC0-301F-11D3-BF4B-00C04F79EFBC}") = "DAOPatterns", "DAOPatterns\DAOPatterns.csproj", "{FE914450-86FC-4995-8A3D-74F4897F75D9}"
EndProject
Global
	GlobalSection(SolutionConfigurationPlatforms) = preSolution
		Debug|Any CPU = Debug|Any CPU
		Release|Any CPU = Release|Any CPU
	EndGlobalSection
	GlobalSection(ProjectConfigurationPlatforms) = postSolution
		{FE914450-86FC-4995-8A3D-74F4897F75D9}.Debug|Any CPU.ActiveCfg = Debug|Any CPU
		{FE914450-86FC-4995-8A3D-74F4897F75D9}.Debug|Any CPU.Build.0 = Debug|Any CPU
		{FE914450-86FC-4995-8A3D-74F4897F75D9}.Release|Any CPU.ActiveCfg = Release|Any CPU
		{FE914450-86FC-4995-8A3D-74F4897F75D9}.Release|Any CPU.Build.0 = Release|Any CPU
	EndGlobalSection
	GlobalSection(SolutionProperties) = preSolution
		HideSolutionNode = FALSE
	EndGlobalSection
	GlobalSection(ExtensibilityGlobals) = postSolution
		SolutionGuid = {2507A9C2-337C-46A4-A010-33D082507ADD}
	EndGlobalSection
EndGlobal
