
Microsoft Visual Studio Solution File, Format Version 12.00
# Visual Studio Version 17
VisualStudioVersion = 17.1.32328.378
MinimumVisualStudioVersion = 10.0.40219.1
Project("{FAE04EC0-301F-11D3-BF4B-00C04F79EFBC}") = "ResourcePatterns", "ResourcePatterns\ResourcePatterns.csproj", "{3281004D-3255-41F8-81D2-015150AAEEA3}"
EndProject
Global
	GlobalSection(SolutionConfigurationPlatforms) = preSolution
		Debug|Any CPU = Debug|Any CPU
		Release|Any CPU = Release|Any CPU
	EndGlobalSection
	GlobalSection(ProjectConfigurationPlatforms) = postSolution
		{3281004D-3255-41F8-81D2-015150AAEEA3}.Debug|Any CPU.ActiveCfg = Debug|Any CPU
		{3281004D-3255-41F8-81D2-015150AAEEA3}.Debug|Any CPU.Build.0 = Debug|Any CPU
		{3281004D-3255-41F8-81D2-015150AAEEA3}.Release|Any CPU.ActiveCfg = Release|Any CPU
		{3281004D-3255-41F8-81D2-015150AAEEA3}.Release|Any CPU.Build.0 = Release|Any CPU
	EndGlobalSection
	GlobalSection(SolutionProperties) = preSolution
		HideSolutionNode = FALSE
	EndGlobalSection
	GlobalSection(ExtensibilityGlobals) = postSolution
		SolutionGuid = {328EBD47-305B-49AE-A830-D86C7D81F5CD}
	EndGlobalSection
EndGlobal
