
Microsoft Visual Studio Solution File, Format Version 12.00
# Visual Studio Version 17
VisualStudioVersion = 17.1.32328.378
MinimumVisualStudioVersion = 10.0.40219.1
Project("{FAE04EC0-301F-11D3-BF4B-00C04F79EFBC}") = "WebApplication1", "WebApplication1\WebApplication1.csproj", "{8E2C316B-9A78-452B-A6E7-35CAEE011C8B}"
EndProject
Global
	GlobalSection(SolutionConfigurationPlatforms) = preSolution
		Debug|Any CPU = Debug|Any CPU
		Release|Any CPU = Release|Any CPU
	EndGlobalSection
	GlobalSection(ProjectConfigurationPlatforms) = postSolution
		{8E2C316B-9A78-452B-A6E7-35CAEE011C8B}.Debug|Any CPU.ActiveCfg = Debug|Any CPU
		{8E2C316B-9A78-452B-A6E7-35CAEE011C8B}.Debug|Any CPU.Build.0 = Debug|Any CPU
		{8E2C316B-9A78-452B-A6E7-35CAEE011C8B}.Release|Any CPU.ActiveCfg = Release|Any CPU
		{8E2C316B-9A78-452B-A6E7-35CAEE011C8B}.Release|Any CPU.Build.0 = Release|Any CPU
	EndGlobalSection
	GlobalSection(SolutionProperties) = preSolution
		HideSolutionNode = FALSE
	EndGlobalSection
	GlobalSection(ExtensibilityGlobals) = postSolution
		SolutionGuid = {96B064C4-C5E3-4366-AC3F-E1FCE588E9A0}
	EndGlobalSection
EndGlobal
